
Microsoft Visual Studio Solution File, Format Version 12.00
# Visual Studio 2012
Project("{D954291E-2A0B-460D-934E-DC6B0785DB48}") = "MVVMExample", "MVVMExample\MVVMExample.shproj", "{09C9599E-E60B-460C-A7A6-1094DA583DE3}"
EndProject
Project("{FAE04EC0-301F-11D3-BF4B-00C04F79EFBC}") = "MVVMExample.iOS", "iOS\MVVMExample.iOS.csproj", "{D4EB83B8-2DDC-45FA-A2CD-434072A02F42}"
EndProject
Project("{FAE04EC0-301F-11D3-BF4B-00C04F79EFBC}") = "MVVMExample.Droid", "Droid\MVVMExample.Droid.csproj", "{8A920AA8-0913-40C7-B232-316EB6C73EAC}"
EndProject
Global
	GlobalSection(SolutionConfigurationPlatforms) = preSolution
		Debug|iPhoneSimulator = Debug|iPhoneSimulator
		Release|iPhone = Release|iPhone
		Release|iPhoneSimulator = Release|iPhoneSimulator
		Debug|iPhone = Debug|iPhone
		Debug|Any CPU = Debug|Any CPU
		Release|Any CPU = Release|Any CPU
	EndGlobalSection
	GlobalSection(ProjectConfigurationPlatforms) = postSolution
		{D4EB83B8-2DDC-45FA-A2CD-434072A02F42}.Debug|iPhoneSimulator.ActiveCfg = Debug|iPhoneSimulator
		{D4EB83B8-2DDC-45FA-A2CD-434072A02F42}.Debug|iPhoneSimulator.Build.0 = Debug|iPhoneSimulator
		{D4EB83B8-2DDC-45FA-A2CD-434072A02F42}.Release|iPhone.ActiveCfg = Release|iPhone
		{D4EB83B8-2DDC-45FA-A2CD-434072A02F42}.Release|iPhone.Build.0 = Release|iPhone
		{D4EB83B8-2DDC-45FA-A2CD-434072A02F42}.Release|iPhoneSimulator.ActiveCfg = Release|iPhoneSimulator
		{D4EB83B8-2DDC-45FA-A2CD-434072A02F42}.Release|iPhoneSimulator.Build.0 = Release|iPhoneSimulator
		{D4EB83B8-2DDC-45FA-A2CD-434072A02F42}.Debug|iPhone.ActiveCfg = Debug|iPhone
		{D4EB83B8-2DDC-45FA-A2CD-434072A02F42}.Debug|iPhone.Build.0 = Debug|iPhone
		{D4EB83B8-2DDC-45FA-A2CD-434072A02F42}.Debug|Any CPU.ActiveCfg = Debug|iPhoneSimulator
		{D4EB83B8-2DDC-45FA-A2CD-434072A02F42}.Debug|Any CPU.Build.0 = Debug|iPhoneSimulator
		{D4EB83B8-2DDC-45FA-A2CD-434072A02F42}.Release|Any CPU.ActiveCfg = Release|iPhone
		{D4EB83B8-2DDC-45FA-A2CD-434072A02F42}.Release|Any CPU.Build.0 = Release|iPhone
		{8A920AA8-0913-40C7-B232-316EB6C73EAC}.Debug|iPhoneSimulator.ActiveCfg = Debug|Any CPU
		{8A920AA8-0913-40C7-B232-316EB6C73EAC}.Debug|iPhoneSimulator.Build.0 = Debug|Any CPU
		{8A920AA8-0913-40C7-B232-316EB6C73EAC}.Release|iPhone.ActiveCfg = Release|Any CPU
		{8A920AA8-0913-40C7-B232-316EB6C73EAC}.Release|iPhone.Build.0 = Release|Any CPU
		{8A920AA8-0913-40C7-B232-316EB6C73EAC}.Release|iPhoneSimulator.ActiveCfg = Release|Any CPU
		{8A920AA8-0913-40C7-B232-316EB6C73EAC}.Release|iPhoneSimulator.Build.0 = Release|Any CPU
		{8A920AA8-0913-40C7-B232-316EB6C73EAC}.Debug|iPhone.ActiveCfg = Debug|Any CPU
		{8A920AA8-0913-40C7-B232-316EB6C73EAC}.Debug|iPhone.Build.0 = Debug|Any CPU
		{8A920AA8-0913-40C7-B232-316EB6C73EAC}.Debug|Any CPU.ActiveCfg = Debug|Any CPU
		{8A920AA8-0913-40C7-B232-316EB6C73EAC}.Debug|Any CPU.Build.0 = Debug|Any CPU
		{8A920AA8-0913-40C7-B232-316EB6C73EAC}.Release|Any CPU.ActiveCfg = Release|Any CPU
		{8A920AA8-0913-40C7-B232-316EB6C73EAC}.Release|Any CPU.Build.0 = Release|Any CPU
	EndGlobalSection
EndGlobal
